// !$*UTF8*$!
{
	archiveVersion = 1;
	classes = {
	};
	objectVersion = 46;
	objects = {

/* Begin PBXBuildFile section */
		3C980C641BB6A80300D10EA6 /* main.m in Sources */ = {isa = PBXBuildFile; fileRef = 3C980C631BB6A80300D10EA6 /* main.m */; };
		3C980C671BB6A80300D10EA6 /* AppDelegate.m in Sources */ = {isa = PBXBuildFile; fileRef = 3C980C661BB6A80300D10EA6 /* AppDelegate.m */; };
		3C980C6A1BB6A80300D10EA6 /* ViewController.m in Sources */ = {isa = PBXBuildFile; fileRef = 3C980C691BB6A80300D10EA6 /* ViewController.m */; };
		3C980C6D1BB6A80300D10EA6 /* Main.storyboard in Resources */ = {isa = PBXBuildFile; fileRef = 3C980C6B1BB6A80300D10EA6 /* Main.storyboard */; };
		3C980C6F1BB6A80300D10EA6 /* Images.xcassets in Resources */ = {isa = PBXBuildFile; fileRef = 3C980C6E1BB6A80300D10EA6 /* Images.xcassets */; };
		3C980C721BB6A80300D10EA6 /* LaunchScreen.xib in Resources */ = {isa = PBXBuildFile; fileRef = 3C980C701BB6A80300D10EA6 /* LaunchScreen.xib */; };
		3C980C7E1BB6A80300D10EA6 /* PongTests.m in Sources */ = {isa = PBXBuildFile; fileRef = 3C980C7D1BB6A80300D10EA6 /* PongTests.m */; };
/* End PBXBuildFile section */

/* Begin PBXContainerItemProxy section */
		3C980C781BB6A80300D10EA6 /* PBXContainerItemProxy */ = {
			isa = PBXContainerItemProxy;
			containerPortal = 3C980C561BB6A80300D10EA6 /* Project object */;
			proxyType = 1;
			remoteGlobalIDString = 3C980C5D1BB6A80300D10EA6;
			remoteInfo = Pong;
		};
/* End PBXContainerItemProxy section */

/* Begin PBXFileReference section */
		3C980C5E1BB6A80300D10EA6 /* Pong.app */ = {isa = PBXFileReference; explicitFileType = wrapper.application; includeInIndex = 0; path = Pong.app; sourceTree = BUILT_PRODUCTS_DIR; };
		3C980C621BB6A80300D10EA6 /* Info.plist */ = {isa = PBXFileReference; lastKnownFileType = text.plist.xml; path = Info.plist; sourceTree = "<group>"; };
		3C980C631BB6A80300D10EA6 /* main.m */ = {isa = PBXFileReference; lastKnownFileType = sourcecode.c.objc; path = main.m; sourceTree = "<group>"; };
		3C980C651BB6A80300D10EA6 /* AppDelegate.h */ = {isa = PBXFileReference; lastKnownFileType = sourcecode.c.h; path = AppDelegate.h; sourceTree = "<group>"; };
		3C980C661BB6A80300D10EA6 /* AppDelegate.m */ = {isa = PBXFileReference; lastKnownFileType = sourcecode.c.objc; path = AppDelegate.m; sourceTree = "<group>"; };
		3C980C681BB6A80300D10EA6 /* ViewController.h */ = {isa = PBXFileReference; lastKnownFileType = sourcecode.c.h; path = ViewController.h; sourceTree = "<group>"; };
		3C980C691BB6A80300D10EA6 /* ViewController.m */ = {isa = PBXFileReference; lastKnownFileType = sourcecode.c.objc; path = ViewController.m; sourceTree = "<group>"; };
		3C980C6C1BB6A80300D10EA6 /* Base */ = {isa = PBXFileReference; lastKnownFileType = file.storyboard; name = Base; path = Base.lproj/Main.storyboard; sourceTree = "<group>"; };
		3C980C6E1BB6A80300D10EA6 /* Images.xcassets */ = {isa = PBXFileReference; lastKnownFileType = folder.assetcatalog; path = Images.xcassets; sourceTree = "<group>"; };
		3C980C711BB6A80300D10EA6 /* Base */ = {isa = PBXFileReference; lastKnownFileType = file.xib; name = Base; path = Base.lproj/LaunchScreen.xib; sourceTree = "<group>"; };
		3C980C771BB6A80300D10EA6 /* PongTests.xctest */ = {isa = PBXFileReference; explicitFileType = wrapper.cfbundle; includeInIndex = 0; path = PongTests.xctest; sourceTree = BUILT_PRODUCTS_DIR; };
		3C980C7C1BB6A80300D10EA6 /* Info.plist */ = {isa = PBXFileReference; lastKnownFileType = text.plist.xml; path = Info.plist; sourceTree = "<group>"; };
		3C980C7D1BB6A80300D10EA6 /* PongTests.m */ = {isa = PBXFileReference; lastKnownFileType = sourcecode.c.objc; path = PongTests.m; sourceTree = "<group>"; };
/* End PBXFileReference section */

/* Begin PBXFrameworksBuildPhase section */
		3C980C5B1BB6A80300D10EA6 /* Frameworks */ = {
			isa = PBXFrameworksBuildPhase;
			buildActionMask = 2147483647;
			files = (
			);
			runOnlyForDeploymentPostprocessing = 0;
		};
		3C980C741BB6A80300D10EA6 /* Frameworks */ = {
			isa = PBXFrameworksBuildPhase;
			buildActionMask = 2147483647;
			files = (
			);
			runOnlyForDeploymentPostprocessing = 0;
		};
/* End PBXFrameworksBuildPhase section */

/* Begin PBXGroup section */
		3C980C551BB6A80300D10EA6 = {
			isa = PBXGroup;
			children = (
				3C980C601BB6A80300D10EA6 /* Pong */,
				3C980C7A1BB6A80300D10EA6 /* PongTests */,
				3C980C5F1BB6A80300D10EA6 /* Products */,
			);
			sourceTree = "<group>";
		};
		3C980C5F1BB6A80300D10EA6 /* Products */ = {
			isa = PBXGroup;
			children = (
				3C980C5E1BB6A80300D10EA6 /* Pong.app */,
				3C980C771BB6A80300D10EA6 /* PongTests.xctest */,
			);
			name = Products;
			sourceTree = "<group>";
		};
		3C980C601BB6A80300D10EA6 /* Pong */ = {
			isa = PBXGroup;
			children = (
				3C980C651BB6A80300D10EA6 /* AppDelegate.h */,
				3C980C661BB6A80300D10EA6 /* AppDelegate.m */,
				3C980C681BB6A80300D10EA6 /* ViewController.h */,
				3C980C691BB6A80300D10EA6 /* ViewController.m */,
				3C980C6B1BB6A80300D10EA6 /* Main.storyboard */,
				3C980C6E1BB6A80300D10EA6 /* Images.xcassets */,
				3C980C701BB6A80300D10EA6 /* LaunchScreen.xib */,
				3C980C611BB6A80300D10EA6 /* Supporting Files */,
			);
			path = Pong;
			sourceTree = "<group>";
		};
		3C980C611BB6A80300D10EA6 /* Supporting Files */ = {
			isa = PBXGroup;
			children = (
				3C980C621BB6A80300D10EA6 /* Info.plist */,
				3C980C631BB6A80300D10EA6 /* main.m */,
			);
			name = "Supporting Files";
			sourceTree = "<group>";
		};
		3C980C7A1BB6A80300D10EA6 /* PongTests */ = {
			isa = PBXGroup;
			children = (
				3C980C7D1BB6A80300D10EA6 /* PongTests.m */,
				3C980C7B1BB6A80300D10EA6 /* Supporting Files */,
			);
			path = PongTests;
			sourceTree = "<group>";
		};
		3C980C7B1BB6A80300D10EA6 /* Supporting Files */ = {
			isa = PBXGroup;
			children = (
				3C980C7C1BB6A80300D10EA6 /* Info.plist */,
			);
			name = "Supporting Files";
			sourceTree = "<group>";
		};
/* End PBXGroup section */

/* Begin PBXNativeTarget section */
		3C980C5D1BB6A80300D10EA6 /* Pong */ = {
			isa = PBXNativeTarget;
			buildConfigurationList = 3C980C811BB6A80300D10EA6 /* Build configuration list for PBXNativeTarget "Pong" */;
			buildPhases = (
				3C980C5A1BB6A80300D10EA6 /* Sources */,
				3C980C5B1BB6A80300D10EA6 /* Frameworks */,
				3C980C5C1BB6A80300D10EA6 /* Resources */,
			);
			buildRules = (
			);
			dependencies = (
			);
			name = Pong;
			productName = Pong;
			productReference = 3C980C5E1BB6A80300D10EA6 /* Pong.app */;
			productType = "com.apple.product-type.application";
		};
		3C980C761BB6A80300D10EA6 /* PongTests */ = {
			isa = PBXNativeTarget;
			buildConfigurationList = 3C980C841BB6A80300D10EA6 /* Build configuration list for PBXNativeTarget "PongTests" */;
			buildPhases = (
				3C980C731BB6A80300D10EA6 /* Sources */,
				3C980C741BB6A80300D10EA6 /* Frameworks */,
				3C980C751BB6A80300D10EA6 /* Resources */,
			);
			buildRules = (
			);
			dependencies = (
				3C980C791BB6A80300D10EA6 /* PBXTargetDependency */,
			);
			name = PongTests;
			productName = PongTests;
			productReference = 3C980C771BB6A80300D10EA6 /* PongTests.xctest */;
			productType = "com.apple.product-type.bundle.unit-test";
		};
/* End PBXNativeTarget section */

/* Begin PBXProject section */
		3C980C561BB6A80300D10EA6 /* Project object */ = {
			isa = PBXProject;
			attributes = {
				LastUpgradeCheck = 0640;
				ORGANIZATIONNAME = AngusLi;
				TargetAttributes = {
					3C980C5D1BB6A80300D10EA6 = {
						CreatedOnToolsVersion = 6.4;
					};
					3C980C761BB6A80300D10EA6 = {
						CreatedOnToolsVersion = 6.4;
						TestTargetID = 3C980C5D1BB6A80300D10EA6;
					};
				};
			};
			buildConfigurationList = 3C980C591BB6A80300D10EA6 /* Build configuration list for PBXProject "Pong" */;
			compatibilityVersion = "Xcode 3.2";
			developmentRegion = English;
			hasScannedForEncodings = 0;
			knownRegions = (
				en,
				Base,
			);
			mainGroup = 3C980C551BB6A80300D10EA6;
			productRefGroup = 3C980C5F1BB6A80300D10EA6 /* Products */;
			projectDirPath = "";
			projectRoot = "";
			targets = (
				3C980C5D1BB6A80300D10EA6 /* Pong */,
				3C980C761BB6A80300D10EA6 /* PongTests */,
			);
		};
/* End PBXProject section */

/* Begin PBXResourcesBuildPhase section */
		3C980C5C1BB6A80300D10EA6 /* Resources */ = {
			isa = PBXResourcesBuildPhase;
			buildActionMask = 2147483647;
			files = (
				3C980C6D1BB6A80300D10EA6 /* Main.storyboard in Resources */,
				3C980C721BB6A80300D10EA6 /* LaunchScreen.xib in Resources */,
				3C980C6F1BB6A80300D10EA6 /* Images.xcassets in Resources */,
			);
			runOnlyForDeploymentPostprocessing = 0;
		};
		3C980C751BB6A80300D10EA6 /* Resources */ = {
			isa = PBXResourcesBuildPhase;
			buildActionMask = 2147483647;
			files = (
			);
			runOnlyForDeploymentPostprocessing = 0;
		};
/* End PBXResourcesBuildPhase section */

/* Begin PBXSourcesBuildPhase section */
		3C980C5A1BB6A80300D10EA6 /* Sources */ = {
			isa = PBXSourcesBuildPhase;
			buildActionMask = 2147483647;
			files = (
				3C980C6A1BB6A80300D10EA6 /* ViewController.m in Sources */,
				3C980C671BB6A80300D10EA6 /* AppDelegate.m in Sources */,
				3C980C641BB6A80300D10EA6 /* main.m in Sources */,
			);
			runOnlyForDeploymentPostprocessing = 0;
		};
		3C980C731BB6A80300D10EA6 /* Sources */ = {
			isa = PBXSourcesBuildPhase;
			buildActionMask = 2147483647;
			files = (
				3C980C7E1BB6A80300D10EA6 /* PongTests.m in Sources */,
			);
			runOnlyForDeploymentPostprocessing = 0;
		};
/* End PBXSourcesBuildPhase section */

/* Begin PBXTargetDependency section */
		3C980C791BB6A80300D10EA6 /* PBXTargetDependency */ = {
			isa = PBXTargetDependency;
			target = 3C980C5D1BB6A80300D10EA6 /* Pong */;
			targetProxy = 3C980C781BB6A80300D10EA6 /* PBXContainerItemProxy */;
		};
/* End PBXTargetDependency section */

/* Begin PBXVariantGroup section */
		3C980C6B1BB6A80300D10EA6 /* Main.storyboard */ = {
			isa = PBXVariantGroup;
			children = (
				3C980C6C1BB6A80300D10EA6 /* Base */,
			);
			name = Main.storyboard;
			sourceTree = "<group>";
		};
		3C980C701BB6A80300D10EA6 /* LaunchScreen.xib */ = {
			isa = PBXVariantGroup;
			children = (
				3C980C711BB6A80300D10EA6 /* Base */,
			);
			name = LaunchScreen.xib;
			sourceTree = "<group>";
		};
/* End PBXVariantGroup section */

/* Begin XCBuildConfiguration section */
		3C980C7F1BB6A80300D10EA6 /* Debug */ = {
			isa = XCBuildConfiguration;
			buildSettings = {
				ALWAYS_SEARCH_USER_PATHS = NO;
				CLANG_CXX_LANGUAGE_STANDARD = "gnu++0x";
				CLANG_CXX_LIBRARY = "libc++";
				CLANG_ENABLE_MODULES = YES;
				CLANG_ENABLE_OBJC_ARC = YES;
				CLANG_WARN_BOOL_CONVERSION = YES;
				CLANG_WARN_CONSTANT_CONVERSION = YES;
				CLANG_WARN_DIRECT_OBJC_ISA_USAGE = YES_ERROR;
				CLANG_WARN_EMPTY_BODY = YES;
				CLANG_WARN_ENUM_CONVERSION = YES;
				CLANG_WARN_INT_CONVERSION = YES;
				CLANG_WARN_OBJC_ROOT_CLASS = YES_ERROR;
				CLANG_WARN_UNREACHABLE_CODE = YES;
				CLANG_WARN__DUPLICATE_METHOD_MATCH = YES;
				"CODE_SIGN_IDENTITY[sdk=iphoneos*]" = "iPhone Developer";
				COPY_PHASE_STRIP = NO;
				DEBUG_INFORMATION_FORMAT = "dwarf-with-dsym";
				ENABLE_STRICT_OBJC_MSGSEND = YES;
				GCC_C_LANGUAGE_STANDARD = gnu99;
				GCC_DYNAMIC_NO_PIC = NO;
				GCC_NO_COMMON_BLOCKS = YES;
				GCC_OPTIMIZATION_LEVEL = 0;
				GCC_PREPROCESSOR_DEFINITIONS = (
					"DEBUG=1",
					"$(inherited)",
				);
				GCC_SYMBOLS_PRIVATE_EXTERN = NO;
				GCC_WARN_64_TO_32_BIT_CONVERSION = YES;
				GCC_WARN_ABOUT_RETURN_TYPE = YES_ERROR;
				GCC_WARN_UNDECLARED_SELECTOR = YES;
				GCC_WARN_UNINITIALIZED_AUTOS = YES_AGGRESSIVE;
				GCC_WARN_UNUSED_FUNCTION = YES;
				GCC_WARN_UNUSED_VARIABLE = YES;
				IPHONEOS_DEPLOYMENT_TARGET = 8.4;
				MTL_ENABLE_DEBUG_INFO = YES;
				ONLY_ACTIVE_ARCH = YES;
				SDKROOT = iphoneos;
				TARGETED_DEVICE_FAMILY = "1,2";
			};
			name = Debug;
		};
		3C980C801BB6A80300D10EA6 /* Release */ = {
			isa = XCBuildConfiguration;
			buildSettings = {
				ALWAYS_SEARCH_USER_PATHS = NO;
				CLANG_CXX_LANGUAGE_STANDARD = "gnu++0x";
				CLANG_CXX_LIBRARY = "libc++";
				CLANG_ENABLE_MODULES = YES;
				CLANG_ENABLE_OBJC_ARC = YES;
				CLANG_WARN_BOOL_CONVERSION = YES;
				CLANG_WARN_CONSTANT_CONVERSION = YES;
				CLANG_WARN_DIRECT_OBJC_ISA_USAGE = YES_ERROR;
				CLANG_WARN_EMPTY_BODY = YES;
				CLANG_WARN_ENUM_CONVERSION = YES;
				CLANG_WARN_INT_CONVERSION = YES;
				CLANG_WARN_OBJC_ROOT_CLASS = YES_ERROR;
				CLANG_WARN_UNREACHABLE_CODE = YES;
				CLANG_WARN__DUPLICATE_METHOD_MATCH = YES;
				"CODE_SIGN_IDENTITY[sdk=iphoneos*]" = "iPhone Developer";
				COPY_PHASE_STRIP = NO;
				DEBUG_INFORMATION_FORMAT = "dwarf-with-dsym";
				ENABLE_NS_ASSERTIONS = NO;
				ENABLE_STRICT_OBJC_MSGSEND = YES;
				GCC_C_LANGUAGE_STANDARD = gnu99;
				GCC_NO_COMMON_BLOCKS = YES;
				GCC_WARN_64_TO_32_BIT_CONVERSION = YES;
				GCC_WARN_ABOUT_RETURN_TYPE = YES_ERROR;
				GCC_WARN_UNDECLARED_SELECTOR = YES;
				GCC_WARN_UNINITIALIZED_AUTOS = YES_AGGRESSIVE;
				GCC_WARN_UNUSED_FUNCTION = YES;
				GCC_WARN_UNUSED_VARIABLE = YES;
				IPHONEOS_DEPLOYMENT_TARGET = 8.4;
				MTL_ENABLE_DEBUG_INFO = NO;
				SDKROOT = iphoneos;
				TARGETED_DEVICE_FAMILY = "1,2";
				VALIDATE_PRODUCT = YES;
			};
			name = Release;
		};
		3C980C821BB6A80300D10EA6 /* Debug */ = {
			isa = XCBuildConfiguration;
			buildSettings = {
				ASSETCATALOG_COMPILER_APPICON_NAME = AppIcon;
				INFOPLIST_FILE = Pong/Info.plist;
				LD_RUNPATH_SEARCH_PATHS = "$(inherited) @executable_path/Frameworks";
				PRODUCT_NAME = "$(TARGET_NAME)";
			};
			name = Debug;
		};
		3C980C831BB6A80300D10EA6 /* Release */ = {
			isa = XCBuildConfiguration;
			buildSettings = {
				ASSETCATALOG_COMPILER_APPICON_NAME = AppIcon;
				INFOPLIST_FILE = Pong/Info.plist;
				LD_RUNPATH_SEARCH_PATHS = "$(inherited) @executable_path/Frameworks";
				PRODUCT_NAME = "$(TARGET_NAME)";
			};
			name = Release;
		};
		3C980C851BB6A80300D10EA6 /* Debug */ = {
			isa = XCBuildConfiguration;
			buildSettings = {
				BUNDLE_LOADER = "$(TEST_HOST)";
				FRAMEWORK_SEARCH_PATHS = (
					"$(SDKROOT)/Developer/Library/Frameworks",
					"$(inherited)",
				);
				GCC_PREPROCESSOR_DEFINITIONS = (
					"DEBUG=1",
					"$(inherited)",
				);
				INFOPLIST_FILE = PongTests/Info.plist;
				LD_RUNPATH_SEARCH_PATHS = "$(inherited) @executable_path/Frameworks @loader_path/Frameworks";
				PRODUCT_NAME = "$(TARGET_NAME)";
				TEST_HOST = "$(BUILT_PRODUCTS_DIR)/Pong.app/Pong";
			};
			name = Debug;
		};
		3C980C861BB6A80300D10EA6 /* Release */ = {
			isa = XCBuildConfiguration;
			buildSettings = {
				BUNDLE_LOADER = "$(TEST_HOST)";
				FRAMEWORK_SEARCH_PATHS = (
					"$(SDKROOT)/Developer/Library/Frameworks",
					"$(inherited)",
				);
				INFOPLIST_FILE = PongTests/Info.plist;
				LD_RUNPATH_SEARCH_PATHS = "$(inherited) @executable_path/Frameworks @loader_path/Frameworks";
				PRODUCT_NAME = "$(TARGET_NAME)";
				TEST_HOST = "$(BUILT_PRODUCTS_DIR)/Pong.app/Pong";
			};
			name = Release;
		};
/* End XCBuildConfiguration section */

/* Begin XCConfigurationList section */
		3C980C591BB6A80300D10EA6 /* Build configuration list for PBXProject "Pong" */ = {
			isa = XCConfigurationList;
			buildConfigurations = (
				3C980C7F1BB6A80300D10EA6 /* Debug */,
				3C980C801BB6A80300D10EA6 /* Release */,
			);
			defaultConfigurationIsVisible = 0;
			defaultConfigurationName = Release;
		};
		3C980C811BB6A80300D10EA6 /* Build configuration list for PBXNativeTarget "Pong" */ = {
			isa = XCConfigurationList;
			buildConfigurations = (
				3C980C821BB6A80300D10EA6 /* Debug */,
				3C980C831BB6A80300D10EA6 /* Release */,
			);
			defaultConfigurationIsVisible = 0;
		};
		3C980C841BB6A80300D10EA6 /* Build configuration list for PBXNativeTarget "PongTests" */ = {
			isa = XCConfigurationList;
			buildConfigurations = (
				3C980C851BB6A80300D10EA6 /* Debug */,
				3C980C861BB6A80300D10EA6 /* Release */,
			);
			defaultConfigurationIsVisible = 0;
		};
/* End XCConfigurationList section */
	};
	rootObject = 3C980C561BB6A80300D10EA6 /* Project object */;
}
